// !$*UTF8*$!
{
	archiveVersion = 1;
	classes = {
	};
	objectVersion = 46;
	objects = {

/* Begin PBXBuildFile section */
		4FB0524E1AA3A423009EA5BA /* AppDelegate.swift in Sources */ = {isa = PBXBuildFile; fileRef = 4FB0524D1AA3A423009EA5BA /* AppDelegate.swift */; };
		4FB052501AA3A423009EA5BA /* ViewController.swift in Sources */ = {isa = PBXBuildFile; fileRef = 4FB0524F1AA3A423009EA5BA /* ViewController.swift */; };
		4FB052531AA3A423009EA5BA /* Main.storyboard in Resources */ = {isa = PBXBuildFile; fileRef = 4FB052511AA3A423009EA5BA /* Main.storyboard */; };
		4FB052551AA3A423009EA5BA /* Images.xcassets in Resources */ = {isa = PBXBuildFile; fileRef = 4FB052541AA3A423009EA5BA /* Images.xcassets */; };
		4FB052581AA3A423009EA5BA /* LaunchScreen.xib in Resources */ = {isa = PBXBuildFile; fileRef = 4FB052561AA3A423009EA5BA /* LaunchScreen.xib */; };
		4FB052641AA3A423009EA5BA /* _9RedBaloonsTests.swift in Sources */ = {isa = PBXBuildFile; fileRef = 4FB052631AA3A423009EA5BA /* _9RedBaloonsTests.swift */; };
/* End PBXBuildFile section */

/* Begin PBXContainerItemProxy section */
		4FB0525E1AA3A423009EA5BA /* PBXContainerItemProxy */ = {
			isa = PBXContainerItemProxy;
			containerPortal = 4FB052401AA3A423009EA5BA /* Project object */;
			proxyType = 1;
			remoteGlobalIDString = 4FB052471AA3A423009EA5BA;
			remoteInfo = 99RedBaloons;
		};
/* End PBXContainerItemProxy section */

/* Begin PBXFileReference section */
		4FB052481AA3A423009EA5BA /* 99RedBaloons.app */ = {isa = PBXFileReference; explicitFileType = wrapper.application; includeInIndex = 0; path = 99RedBaloons.app; sourceTree = BUILT_PRODUCTS_DIR; };
		4FB0524C1AA3A423009EA5BA /* Info.plist */ = {isa = PBXFileReference; lastKnownFileType = text.plist.xml; path = Info.plist; sourceTree = "<group>"; };
		4FB0524D1AA3A423009EA5BA /* AppDelegate.swift */ = {isa = PBXFileReference; lastKnownFileType = sourcecode.swift; path = AppDelegate.swift; sourceTree = "<group>"; };
		4FB0524F1AA3A423009EA5BA /* ViewController.swift */ = {isa = PBXFileReference; lastKnownFileType = sourcecode.swift; path = ViewController.swift; sourceTree = "<group>"; };
		4FB052521AA3A423009EA5BA /* Base */ = {isa = PBXFileReference; lastKnownFileType = file.storyboard; name = Base; path = Base.lproj/Main.storyboard; sourceTree = "<group>"; };
		4FB052541AA3A423009EA5BA /* Images.xcassets */ = {isa = PBXFileReference; lastKnownFileType = folder.assetcatalog; path = Images.xcassets; sourceTree = "<group>"; };
		4FB052571AA3A423009EA5BA /* Base */ = {isa = PBXFileReference; lastKnownFileType = file.xib; name = Base; path = Base.lproj/LaunchScreen.xib; sourceTree = "<group>"; };
		4FB0525D1AA3A423009EA5BA /* 99RedBaloonsTests.xctest */ = {isa = PBXFileReference; explicitFileType = wrapper.cfbundle; includeInIndex = 0; path = 99RedBaloonsTests.xctest; sourceTree = BUILT_PRODUCTS_DIR; };
		4FB052621AA3A423009EA5BA /* Info.plist */ = {isa = PBXFileReference; lastKnownFileType = text.plist.xml; path = Info.plist; sourceTree = "<group>"; };
		4FB052631AA3A423009EA5BA /* _9RedBaloonsTests.swift */ = {isa = PBXFileReference; lastKnownFileType = sourcecode.swift; path = _9RedBaloonsTests.swift; sourceTree = "<group>"; };
/* End PBXFileReference section */

/* Begin PBXFrameworksBuildPhase section */
		4FB052451AA3A423009EA5BA /* Frameworks */ = {
			isa = PBXFrameworksBuildPhase;
			buildActionMask = 2147483647;
			files = (
			);
			runOnlyForDeploymentPostprocessing = 0;
		};
		4FB0525A1AA3A423009EA5BA /* Frameworks */ = {
			isa = PBXFrameworksBuildPhase;
			buildActionMask = 2147483647;
			files = (
			);
			runOnlyForDeploymentPostprocessing = 0;
		};
/* End PBXFrameworksBuildPhase section */

/* Begin PBXGroup section */
		4FB0523F1AA3A423009EA5BA = {
			isa = PBXGroup;
			children = (
				4FB0524A1AA3A423009EA5BA /* 99RedBaloons */,
				4FB052601AA3A423009EA5BA /* 99RedBaloonsTests */,
				4FB052491AA3A423009EA5BA /* Products */,
			);
			sourceTree = "<group>";
		};
		4FB052491AA3A423009EA5BA /* Products */ = {
			isa = PBXGroup;
			children = (
				4FB052481AA3A423009EA5BA /* 99RedBaloons.app */,
				4FB0525D1AA3A423009EA5BA /* 99RedBaloonsTests.xctest */,
			);
			name = Products;
			sourceTree = "<group>";
		};
		4FB0524A1AA3A423009EA5BA /* 99RedBaloons */ = {
			isa = PBXGroup;
			children = (
				4FB0524D1AA3A423009EA5BA /* AppDelegate.swift */,
				4FB0524F1AA3A423009EA5BA /* ViewController.swift */,
				4FB052511AA3A423009EA5BA /* Main.storyboard */,
				4FB052541AA3A423009EA5BA /* Images.xcassets */,
				4FB052561AA3A423009EA5BA /* LaunchScreen.xib */,
				4FB0524B1AA3A423009EA5BA /* Supporting Files */,
			);
			path = 99RedBaloons;
			sourceTree = "<group>";
		};
		4FB0524B1AA3A423009EA5BA /* Supporting Files */ = {
			isa = PBXGroup;
			children = (
				4FB0524C1AA3A423009EA5BA /* Info.plist */,
			);
			name = "Supporting Files";
			sourceTree = "<group>";
		};
		4FB052601AA3A423009EA5BA /* 99RedBaloonsTests */ = {
			isa = PBXGroup;
			children = (
				4FB052631AA3A423009EA5BA /* _9RedBaloonsTests.swift */,
				4FB052611AA3A423009EA5BA /* Supporting Files */,
			);
			path = 99RedBaloonsTests;
			sourceTree = "<group>";
		};
		4FB052611AA3A423009EA5BA /* Supporting Files */ = {
			isa = PBXGroup;
			children = (
				4FB052621AA3A423009EA5BA /* Info.plist */,
			);
			name = "Supporting Files";
			sourceTree = "<group>";
		};
/* End PBXGroup section */

/* Begin PBXNativeTarget section */
		4FB052471AA3A423009EA5BA /* 99RedBaloons */ = {
			isa = PBXNativeTarget;
			buildConfigurationList = 4FB052671AA3A423009EA5BA /* Build configuration list for PBXNativeTarget "99RedBaloons" */;
			buildPhases = (
				4FB052441AA3A423009EA5BA /* Sources */,
				4FB052451AA3A423009EA5BA /* Frameworks */,
				4FB052461AA3A423009EA5BA /* Resources */,
			);
			buildRules = (
			);
			dependencies = (
			);
			name = 99RedBaloons;
			productName = 99RedBaloons;
			productReference = 4FB052481AA3A423009EA5BA /* 99RedBaloons.app */;
			productType = "com.apple.product-type.application";
		};
		4FB0525C1AA3A423009EA5BA /* 99RedBaloonsTests */ = {
			isa = PBXNativeTarget;
			buildConfigurationList = 4FB0526A1AA3A423009EA5BA /* Build configuration list for PBXNativeTarget "99RedBaloonsTests" */;
			buildPhases = (
				4FB052591AA3A423009EA5BA /* Sources */,
				4FB0525A1AA3A423009EA5BA /* Frameworks */,
				4FB0525B1AA3A423009EA5BA /* Resources */,
			);
			buildRules = (
			);
			dependencies = (
				4FB0525F1AA3A423009EA5BA /* PBXTargetDependency */,
			);
			name = 99RedBaloonsTests;
			productName = 99RedBaloonsTests;
			productReference = 4FB0525D1AA3A423009EA5BA /* 99RedBaloonsTests.xctest */;
			productType = "com.apple.product-type.bundle.unit-test";
		};
/* End PBXNativeTarget section */

/* Begin PBXProject section */
		4FB052401AA3A423009EA5BA /* Project object */ = {
			isa = PBXProject;
			attributes = {
				LastUpgradeCheck = 0610;
				ORGANIZATIONNAME = "Robert Lundkvist";
				TargetAttributes = {
					4FB052471AA3A423009EA5BA = {
						CreatedOnToolsVersion = 6.1.1;
					};
					4FB0525C1AA3A423009EA5BA = {
						CreatedOnToolsVersion = 6.1.1;
						TestTargetID = 4FB052471AA3A423009EA5BA;
					};
				};
			};
			buildConfigurationList = 4FB052431AA3A423009EA5BA /* Build configuration list for PBXProject "99RedBaloons" */;
			compatibilityVersion = "Xcode 3.2";
			developmentRegion = English;
			hasScannedForEncodings = 0;
			knownRegions = (
				en,
				Base,
			);
			mainGroup = 4FB0523F1AA3A423009EA5BA;
			productRefGroup = 4FB052491AA3A423009EA5BA /* Products */;
			projectDirPath = "";
			projectRoot = "";
			targets = (
				4FB052471AA3A423009EA5BA /* 99RedBaloons */,
				4FB0525C1AA3A423009EA5BA /* 99RedBaloonsTests */,
			);
		};
/* End PBXProject section */

/* Begin PBXResourcesBuildPhase section */
		4FB052461AA3A423009EA5BA /* Resources */ = {
			isa = PBXResourcesBuildPhase;
			buildActionMask = 2147483647;
			files = (
				4FB052531AA3A423009EA5BA /* Main.storyboard in Resources */,
				4FB052581AA3A423009EA5BA /* LaunchScreen.xib in Resources */,
				4FB052551AA3A423009EA5BA /* Images.xcassets in Resources */,
			);
			runOnlyForDeploymentPostprocessing = 0;
		};
		4FB0525B1AA3A423009EA5BA /* Resources */ = {
			isa = PBXResourcesBuildPhase;
			buildActionMask = 2147483647;
			files = (
			);
			runOnlyForDeploymentPostprocessing = 0;
		};
/* End PBXResourcesBuildPhase section */

/* Begin PBXSourcesBuildPhase section */
		4FB052441AA3A423009EA5BA /* Sources */ = {
			isa = PBXSourcesBuildPhase;
			buildActionMask = 2147483647;
			files = (
				4FB052501AA3A423009EA5BA /* ViewController.swift in Sources */,
				4FB0524E1AA3A423009EA5BA /* AppDelegate.swift in Sources */,
			);
			runOnlyForDeploymentPostprocessing = 0;
		};
		4FB052591AA3A423009EA5BA /* Sources */ = {
			isa = PBXSourcesBuildPhase;
			buildActionMask = 2147483647;
			files = (
				4FB052641AA3A423009EA5BA /* _9RedBaloonsTests.swift in Sources */,
			);
			runOnlyForDeploymentPostprocessing = 0;
		};
/* End PBXSourcesBuildPhase section */

/* Begin PBXTargetDependency section */
		4FB0525F1AA3A423009EA5BA /* PBXTargetDependency */ = {
			isa = PBXTargetDependency;
			target = 4FB052471AA3A423009EA5BA /* 99RedBaloons */;
			targetProxy = 4FB0525E1AA3A423009EA5BA /* PBXContainerItemProxy */;
		};
/* End PBXTargetDependency section */

/* Begin PBXVariantGroup section */
		4FB052511AA3A423009EA5BA /* Main.storyboard */ = {
			isa = PBXVariantGroup;
			children = (
				4FB052521AA3A423009EA5BA /* Base */,
			);
			name = Main.storyboard;
			sourceTree = "<group>";
		};
		4FB052561AA3A423009EA5BA /* LaunchScreen.xib */ = {
			isa = PBXVariantGroup;
			children = (
				4FB052571AA3A423009EA5BA /* Base */,
			);
			name = LaunchScreen.xib;
			sourceTree = "<group>";
		};
/* End PBXVariantGroup section */

/* Begin XCBuildConfiguration section */
		4FB052651AA3A423009EA5BA /* Debug */ = {
			isa = XCBuildConfiguration;
			buildSettings = {
				ALWAYS_SEARCH_USER_PATHS = NO;
				CLANG_CXX_LANGUAGE_STANDARD = "gnu++0x";
				CLANG_CXX_LIBRARY = "libc++";
				CLANG_ENABLE_MODULES = YES;
				CLANG_ENABLE_OBJC_ARC = YES;
				CLANG_WARN_BOOL_CONVERSION = YES;
				CLANG_WARN_CONSTANT_CONVERSION = YES;
				CLANG_WARN_DIRECT_OBJC_ISA_USAGE = YES_ERROR;
				CLANG_WARN_EMPTY_BODY = YES;
				CLANG_WARN_ENUM_CONVERSION = YES;
				CLANG_WARN_INT_CONVERSION = YES;
				CLANG_WARN_OBJC_ROOT_CLASS = YES_ERROR;
				CLANG_WARN_UNREACHABLE_CODE = YES;
				CLANG_WARN__DUPLICATE_METHOD_MATCH = YES;
				"CODE_SIGN_IDENTITY[sdk=iphoneos*]" = "iPhone Developer";
				COPY_PHASE_STRIP = NO;
				ENABLE_STRICT_OBJC_MSGSEND = YES;
				GCC_C_LANGUAGE_STANDARD = gnu99;
				GCC_DYNAMIC_NO_PIC = NO;
				GCC_OPTIMIZATION_LEVEL = 0;
				GCC_PREPROCESSOR_DEFINITIONS = (
					"DEBUG=1",
					"$(inherited)",
				);
				GCC_SYMBOLS_PRIVATE_EXTERN = NO;
				GCC_WARN_64_TO_32_BIT_CONVERSION = YES;
				GCC_WARN_ABOUT_RETURN_TYPE = YES_ERROR;
				GCC_WARN_UNDECLARED_SELECTOR = YES;
				GCC_WARN_UNINITIALIZED_AUTOS = YES_AGGRESSIVE;
				GCC_WARN_UNUSED_FUNCTION = YES;
				GCC_WARN_UNUSED_VARIABLE = YES;
				IPHONEOS_DEPLOYMENT_TARGET = 8.1;
				MTL_ENABLE_DEBUG_INFO = YES;
				ONLY_ACTIVE_ARCH = YES;
				SDKROOT = iphoneos;
				SWIFT_OPTIMIZATION_LEVEL = "-Onone";
				TARGETED_DEVICE_FAMILY = "1,2";
			};
			name = Debug;
		};
		4FB052661AA3A423009EA5BA /* Release */ = {
			isa = XCBuildConfiguration;
			buildSettings = {
				ALWAYS_SEARCH_USER_PATHS = NO;
				CLANG_CXX_LANGUAGE_STANDARD = "gnu++0x";
				CLANG_CXX_LIBRARY = "libc++";
				CLANG_ENABLE_MODULES = YES;
				CLANG_ENABLE_OBJC_ARC = YES;
				CLANG_WARN_BOOL_CONVERSION = YES;
				CLANG_WARN_CONSTANT_CONVERSION = YES;
				CLANG_WARN_DIRECT_OBJC_ISA_USAGE = YES_ERROR;
				CLANG_WARN_EMPTY_BODY = YES;
				CLANG_WARN_ENUM_CONVERSION = YES;
				CLANG_WARN_INT_CONVERSION = YES;
				CLANG_WARN_OBJC_ROOT_CLASS = YES_ERROR;
				CLANG_WARN_UNREACHABLE_CODE = YES;
				CLANG_WARN__DUPLICATE_METHOD_MATCH = YES;
				"CODE_SIGN_IDENTITY[sdk=iphoneos*]" = "iPhone Developer";
				COPY_PHASE_STRIP = YES;
				ENABLE_NS_ASSERTIONS = NO;
				ENABLE_STRICT_OBJC_MSGSEND = YES;
				GCC_C_LANGUAGE_STANDARD = gnu99;
				GCC_WARN_64_TO_32_BIT_CONVERSION = YES;
				GCC_WARN_ABOUT_RETURN_TYPE = YES_ERROR;
				GCC_WARN_UNDECLARED_SELECTOR = YES;
				GCC_WARN_UNINITIALIZED_AUTOS = YES_AGGRESSIVE;
				GCC_WARN_UNUSED_FUNCTION = YES;
				GCC_WARN_UNUSED_VARIABLE = YES;
				IPHONEOS_DEPLOYMENT_TARGET = 8.1;
				MTL_ENABLE_DEBUG_INFO = NO;
				SDKROOT = iphoneos;
				TARGETED_DEVICE_FAMILY = "1,2";
				VALIDATE_PRODUCT = YES;
			};
			name = Release;
		};
		4FB052681AA3A423009EA5BA /* Debug */ = {
			isa = XCBuildConfiguration;
			buildSettings = {
				ASSETCATALOG_COMPILER_APPICON_NAME = AppIcon;
				INFOPLIST_FILE = 99RedBaloons/Info.plist;
				LD_RUNPATH_SEARCH_PATHS = "$(inherited) @executable_path/Frameworks";
				PRODUCT_NAME = "$(TARGET_NAME)";
			};
			name = Debug;
		};
		4FB052691AA3A423009EA5BA /* Release */ = {
			isa = XCBuildConfiguration;
			buildSettings = {
				ASSETCATALOG_COMPILER_APPICON_NAME = AppIcon;
				INFOPLIST_FILE = 99RedBaloons/Info.plist;
				LD_RUNPATH_SEARCH_PATHS = "$(inherited) @executable_path/Frameworks";
				PRODUCT_NAME = "$(TARGET_NAME)";
			};
			name = Release;
		};
		4FB0526B1AA3A423009EA5BA /* Debug */ = {
			isa = XCBuildConfiguration;
			buildSettings = {
				BUNDLE_LOADER = "$(TEST_HOST)";
				FRAMEWORK_SEARCH_PATHS = (
					"$(SDKROOT)/Developer/Library/Frameworks",
					"$(inherited)",
				);
				GCC_PREPROCESSOR_DEFINITIONS = (
					"DEBUG=1",
					"$(inherited)",
				);
				INFOPLIST_FILE = 99RedBaloonsTests/Info.plist;
				LD_RUNPATH_SEARCH_PATHS = "$(inherited) @executable_path/Frameworks @loader_path/Frameworks";
				PRODUCT_NAME = "$(TARGET_NAME)";
				TEST_HOST = "$(BUILT_PRODUCTS_DIR)/99RedBaloons.app/99RedBaloons";
			};
			name = Debug;
		};
		4FB0526C1AA3A423009EA5BA /* Release */ = {
			isa = XCBuildConfiguration;
			buildSettings = {
				BUNDLE_LOADER = "$(TEST_HOST)";
				FRAMEWORK_SEARCH_PATHS = (
					"$(SDKROOT)/Developer/Library/Frameworks",
					"$(inherited)",
				);
				INFOPLIST_FILE = 99RedBaloonsTests/Info.plist;
				LD_RUNPATH_SEARCH_PATHS = "$(inherited) @executable_path/Frameworks @loader_path/Frameworks";
				PRODUCT_NAME = "$(TARGET_NAME)";
				TEST_HOST = "$(BUILT_PRODUCTS_DIR)/99RedBaloons.app/99RedBaloons";
			};
			name = Release;
		};
/* End XCBuildConfiguration section */

/* Begin XCConfigurationList section */
		4FB052431AA3A423009EA5BA /* Build configuration list for PBXProject "99RedBaloons" */ = {
			isa = XCConfigurationList;
			buildConfigurations = (
				4FB052651AA3A423009EA5BA /* Debug */,
				4FB052661AA3A423009EA5BA /* Release */,
			);
			defaultConfigurationIsVisible = 0;
			defaultConfigurationName = Release;
		};
		4FB052671AA3A423009EA5BA /* Build configuration list for PBXNativeTarget "99RedBaloons" */ = {
			isa = XCConfigurationList;
			buildConfigurations = (
				4FB052681AA3A423009EA5BA /* Debug */,
				4FB052691AA3A423009EA5BA /* Release */,
			);
			defaultConfigurationIsVisible = 0;
		};
		4FB0526A1AA3A423009EA5BA /* Build configuration list for PBXNativeTarget "99RedBaloonsTests" */ = {
			isa = XCConfigurationList;
			buildConfigurations = (
				4FB0526B1AA3A423009EA5BA /* Debug */,
				4FB0526C1AA3A423009EA5BA /* Release */,
			);
			defaultConfigurationIsVisible = 0;
		};
/* End XCConfigurationList section */
	};
	rootObject = 4FB052401AA3A423009EA5BA /* Project object */;
}
